// !$*UTF8*$!
{
	archiveVersion = 1;
	classes = {
	};
	objectVersion = 46;
	objects = {

/* Begin PBXBuildFile section */
		6FEF5BD71C3EE19C002BF3C9 /* AppDelegate.swift in Sources */ = {isa = PBXBuildFile; fileRef = 6FEF5BD61C3EE19C002BF3C9 /* AppDelegate.swift */; };
		6FEF5BD91C3EE19C002BF3C9 /* ViewController.swift in Sources */ = {isa = PBXBuildFile; fileRef = 6FEF5BD81C3EE19C002BF3C9 /* ViewController.swift */; };
		6FEF5BDC1C3EE19C002BF3C9 /* Main.storyboard in Resources */ = {isa = PBXBuildFile; fileRef = 6FEF5BDA1C3EE19C002BF3C9 /* Main.storyboard */; };
		6FEF5BDE1C3EE19C002BF3C9 /* Assets.xcassets in Resources */ = {isa = PBXBuildFile; fileRef = 6FEF5BDD1C3EE19C002BF3C9 /* Assets.xcassets */; };
		6FEF5BE11C3EE19C002BF3C9 /* LaunchScreen.storyboard in Resources */ = {isa = PBXBuildFile; fileRef = 6FEF5BDF1C3EE19C002BF3C9 /* LaunchScreen.storyboard */; };
		6FEF5BEA1C3EE53F002BF3C9 /* Post.swift in Sources */ = {isa = PBXBuildFile; fileRef = 6FEF5BE91C3EE53F002BF3C9 /* Post.swift */; };
		6FEF5BEF1C3EFB51002BF3C9 /* PostCell.swift in Sources */ = {isa = PBXBuildFile; fileRef = 6FEF5BEE1C3EFB51002BF3C9 /* PostCell.swift */; };
		6FEF5BF21C3F020B002BF3C9 /* AddPostVC.swift in Sources */ = {isa = PBXBuildFile; fileRef = 6FEF5BF11C3F020B002BF3C9 /* AddPostVC.swift */; };
		6FEF5BF51C3F102C002BF3C9 /* DataService.swift in Sources */ = {isa = PBXBuildFile; fileRef = 6FEF5BF41C3F102C002BF3C9 /* DataService.swift */; };
/* End PBXBuildFile section */

/* Begin PBXFileReference section */
		6FEF5BD31C3EE19C002BF3C9 /* My Hood.app */ = {isa = PBXFileReference; explicitFileType = wrapper.application; includeInIndex = 0; path = "My Hood.app"; sourceTree = BUILT_PRODUCTS_DIR; };
		6FEF5BD61C3EE19C002BF3C9 /* AppDelegate.swift */ = {isa = PBXFileReference; lastKnownFileType = sourcecode.swift; path = AppDelegate.swift; sourceTree = "<group>"; };
		6FEF5BD81C3EE19C002BF3C9 /* ViewController.swift */ = {isa = PBXFileReference; lastKnownFileType = sourcecode.swift; path = ViewController.swift; sourceTree = "<group>"; };
		6FEF5BDB1C3EE19C002BF3C9 /* Base */ = {isa = PBXFileReference; lastKnownFileType = file.storyboard; name = Base; path = Base.lproj/Main.storyboard; sourceTree = "<group>"; };
		6FEF5BDD1C3EE19C002BF3C9 /* Assets.xcassets */ = {isa = PBXFileReference; lastKnownFileType = folder.assetcatalog; path = Assets.xcassets; sourceTree = "<group>"; };
		6FEF5BE01C3EE19C002BF3C9 /* Base */ = {isa = PBXFileReference; lastKnownFileType = file.storyboard; name = Base; path = Base.lproj/LaunchScreen.storyboard; sourceTree = "<group>"; };
		6FEF5BE21C3EE19C002BF3C9 /* Info.plist */ = {isa = PBXFileReference; lastKnownFileType = text.plist.xml; path = Info.plist; sourceTree = "<group>"; };
		6FEF5BE91C3EE53F002BF3C9 /* Post.swift */ = {isa = PBXFileReference; fileEncoding = 4; lastKnownFileType = sourcecode.swift; path = Post.swift; sourceTree = "<group>"; };
		6FEF5BEE1C3EFB51002BF3C9 /* PostCell.swift */ = {isa = PBXFileReference; fileEncoding = 4; lastKnownFileType = sourcecode.swift; path = PostCell.swift; sourceTree = "<group>"; };
		6FEF5BF11C3F020B002BF3C9 /* AddPostVC.swift */ = {isa = PBXFileReference; fileEncoding = 4; lastKnownFileType = sourcecode.swift; path = AddPostVC.swift; sourceTree = "<group>"; };
		6FEF5BF41C3F102C002BF3C9 /* DataService.swift */ = {isa = PBXFileReference; fileEncoding = 4; lastKnownFileType = sourcecode.swift; path = DataService.swift; sourceTree = "<group>"; };
/* End PBXFileReference section */

/* Begin PBXFrameworksBuildPhase section */
		6FEF5BD01C3EE19C002BF3C9 /* Frameworks */ = {
			isa = PBXFrameworksBuildPhase;
			buildActionMask = 2147483647;
			files = (
			);
			runOnlyForDeploymentPostprocessing = 0;
		};
/* End PBXFrameworksBuildPhase section */

/* Begin PBXGroup section */
		6FEF5BCA1C3EE19C002BF3C9 = {
			isa = PBXGroup;
			children = (
				6FEF5BD51C3EE19C002BF3C9 /* My Hood */,
				6FEF5BD41C3EE19C002BF3C9 /* Products */,
			);
			sourceTree = "<group>";
		};
		6FEF5BD41C3EE19C002BF3C9 /* Products */ = {
			isa = PBXGroup;
			children = (
				6FEF5BD31C3EE19C002BF3C9 /* My Hood.app */,
			);
			name = Products;
			sourceTree = "<group>";
		};
		6FEF5BD51C3EE19C002BF3C9 /* My Hood */ = {
			isa = PBXGroup;
			children = (
				6FEF5BF31C3F1014002BF3C9 /* Services */,
				6FEF5BEB1C3EFB00002BF3C9 /* View */,
				6FEF5BE81C3EE52B002BF3C9 /* Model */,
				6FEF5BD61C3EE19C002BF3C9 /* AppDelegate.swift */,
				6FEF5BDD1C3EE19C002BF3C9 /* Assets.xcassets */,
				6FEF5BE21C3EE19C002BF3C9 /* Info.plist */,
			);
			path = "My Hood";
			sourceTree = "<group>";
		};
		6FEF5BE81C3EE52B002BF3C9 /* Model */ = {
			isa = PBXGroup;
			children = (
				6FEF5BE91C3EE53F002BF3C9 /* Post.swift */,
				6FEF5BF01C3F01C6002BF3C9 /* Controller */,
			);
			name = Model;
			sourceTree = "<group>";
		};
		6FEF5BEB1C3EFB00002BF3C9 /* View */ = {
			isa = PBXGroup;
			children = (
				6FEF5BDF1C3EE19C002BF3C9 /* LaunchScreen.storyboard */,
				6FEF5BEE1C3EFB51002BF3C9 /* PostCell.swift */,
				6FEF5BDA1C3EE19C002BF3C9 /* Main.storyboard */,
			);
			name = View;
			sourceTree = "<group>";
		};
		6FEF5BF01C3F01C6002BF3C9 /* Controller */ = {
			isa = PBXGroup;
			children = (
				6FEF5BD81C3EE19C002BF3C9 /* ViewController.swift */,
				6FEF5BF11C3F020B002BF3C9 /* AddPostVC.swift */,
			);
			name = Controller;
			sourceTree = "<group>";
		};
		6FEF5BF31C3F1014002BF3C9 /* Services */ = {
			isa = PBXGroup;
			children = (
				6FEF5BF41C3F102C002BF3C9 /* DataService.swift */,
			);
			name = Services;
			sourceTree = "<group>";
		};
/* End PBXGroup section */

/* Begin PBXNativeTarget section */
		6FEF5BD21C3EE19C002BF3C9 /* My Hood */ = {
			isa = PBXNativeTarget;
			buildConfigurationList = 6FEF5BE51C3EE19C002BF3C9 /* Build configuration list for PBXNativeTarget "My Hood" */;
			buildPhases = (
				6FEF5BCF1C3EE19C002BF3C9 /* Sources */,
				6FEF5BD01C3EE19C002BF3C9 /* Frameworks */,
				6FEF5BD11C3EE19C002BF3C9 /* Resources */,
			);
			buildRules = (
			);
			dependencies = (
			);
			name = "My Hood";
			productName = "My Hood";
			productReference = 6FEF5BD31C3EE19C002BF3C9 /* My Hood.app */;
			productType = "com.apple.product-type.application";
		};
/* End PBXNativeTarget section */

/* Begin PBXProject section */
		6FEF5BCB1C3EE19C002BF3C9 /* Project object */ = {
			isa = PBXProject;
			attributes = {
				LastSwiftUpdateCheck = 0720;
				LastUpgradeCheck = 0720;
				ORGANIZATIONNAME = "Ville-Matti Hakanpää";
				TargetAttributes = {
					6FEF5BD21C3EE19C002BF3C9 = {
						CreatedOnToolsVersion = 7.2;
						DevelopmentTeam = 7U43JMHDZF;
					};
				};
			};
			buildConfigurationList = 6FEF5BCE1C3EE19C002BF3C9 /* Build configuration list for PBXProject "My Hood" */;
			compatibilityVersion = "Xcode 3.2";
			developmentRegion = English;
			hasScannedForEncodings = 0;
			knownRegions = (
				en,
				Base,
			);
			mainGroup = 6FEF5BCA1C3EE19C002BF3C9;
			productRefGroup = 6FEF5BD41C3EE19C002BF3C9 /* Products */;
			projectDirPath = "";
			projectRoot = "";
			targets = (
				6FEF5BD21C3EE19C002BF3C9 /* My Hood */,
			);
		};
/* End PBXProject section */

/* Begin PBXResourcesBuildPhase section */
		6FEF5BD11C3EE19C002BF3C9 /* Resources */ = {
			isa = PBXResourcesBuildPhase;
			buildActionMask = 2147483647;
			files = (
				6FEF5BE11C3EE19C002BF3C9 /* LaunchScreen.storyboard in Resources */,
				6FEF5BDE1C3EE19C002BF3C9 /* Assets.xcassets in Resources */,
				6FEF5BDC1C3EE19C002BF3C9 /* Main.storyboard in Resources */,
			);
			runOnlyForDeploymentPostprocessing = 0;
		};
/* End PBXResourcesBuildPhase section */

/* Begin PBXSourcesBuildPhase section */
		6FEF5BCF1C3EE19C002BF3C9 /* Sources */ = {
			isa = PBXSourcesBuildPhase;
			buildActionMask = 2147483647;
			files = (
				6FEF5BEA1C3EE53F002BF3C9 /* Post.swift in Sources */,
				6FEF5BD91C3EE19C002BF3C9 /* ViewController.swift in Sources */,
				6FEF5BF21C3F020B002BF3C9 /* AddPostVC.swift in Sources */,
				6FEF5BF51C3F102C002BF3C9 /* DataService.swift in Sources */,
				6FEF5BD71C3EE19C002BF3C9 /* AppDelegate.swift in Sources */,
				6FEF5BEF1C3EFB51002BF3C9 /* PostCell.swift in Sources */,
			);
			runOnlyForDeploymentPostprocessing = 0;
		};
/* End PBXSourcesBuildPhase section */

/* Begin PBXVariantGroup section */
		6FEF5BDA1C3EE19C002BF3C9 /* Main.storyboard */ = {
			isa = PBXVariantGroup;
			children = (
				6FEF5BDB1C3EE19C002BF3C9 /* Base */,
			);
			name = Main.storyboard;
			sourceTree = "<group>";
		};
		6FEF5BDF1C3EE19C002BF3C9 /* LaunchScreen.storyboard */ = {
			isa = PBXVariantGroup;
			children = (
				6FEF5BE01C3EE19C002BF3C9 /* Base */,
			);
			name = LaunchScreen.storyboard;
			sourceTree = "<group>";
		};
/* End PBXVariantGroup section */

/* Begin XCBuildConfiguration section */
		6FEF5BE31C3EE19C002BF3C9 /* Debug */ = {
			isa = XCBuildConfiguration;
			buildSettings = {
				ALWAYS_SEARCH_USER_PATHS = NO;
				CLANG_CXX_LANGUAGE_STANDARD = "gnu++0x";
				CLANG_CXX_LIBRARY = "libc++";
				CLANG_ENABLE_MODULES = YES;
				CLANG_ENABLE_OBJC_ARC = YES;
				CLANG_WARN_BOOL_CONVERSION = YES;
				CLANG_WARN_CONSTANT_CONVERSION = YES;
				CLANG_WARN_DIRECT_OBJC_ISA_USAGE = YES_ERROR;
				CLANG_WARN_EMPTY_BODY = YES;
				CLANG_WARN_ENUM_CONVERSION = YES;
				CLANG_WARN_INT_CONVERSION = YES;
				CLANG_WARN_OBJC_ROOT_CLASS = YES_ERROR;
				CLANG_WARN_UNREACHABLE_CODE = YES;
				CLANG_WARN__DUPLICATE_METHOD_MATCH = YES;
				"CODE_SIGN_IDENTITY[sdk=iphoneos*]" = "iPhone Developer";
				COPY_PHASE_STRIP = NO;
				DEBUG_INFORMATION_FORMAT = dwarf;
				ENABLE_STRICT_OBJC_MSGSEND = YES;
				ENABLE_TESTABILITY = YES;
				GCC_C_LANGUAGE_STANDARD = gnu99;
				GCC_DYNAMIC_NO_PIC = NO;
				GCC_NO_COMMON_BLOCKS = YES;
				GCC_OPTIMIZATION_LEVEL = 0;
				GCC_PREPROCESSOR_DEFINITIONS = (
					"DEBUG=1",
					"$(inherited)",
				);
				GCC_WARN_64_TO_32_BIT_CONVERSION = YES;
				GCC_WARN_ABOUT_RETURN_TYPE = YES_ERROR;
				GCC_WARN_UNDECLARED_SELECTOR = YES;
				GCC_WARN_UNINITIALIZED_AUTOS = YES_AGGRESSIVE;
				GCC_WARN_UNUSED_FUNCTION = YES;
				GCC_WARN_UNUSED_VARIABLE = YES;
				IPHONEOS_DEPLOYMENT_TARGET = 9.2;
				MTL_ENABLE_DEBUG_INFO = YES;
				ONLY_ACTIVE_ARCH = YES;
				SDKROOT = iphoneos;
				SWIFT_OPTIMIZATION_LEVEL = "-Onone";
				TARGETED_DEVICE_FAMILY = "1,2";
			};
			name = Debug;
		};
		6FEF5BE41C3EE19C002BF3C9 /* Release */ = {
			isa = XCBuildConfiguration;
			buildSettings = {
				ALWAYS_SEARCH_USER_PATHS = NO;
				CLANG_CXX_LANGUAGE_STANDARD = "gnu++0x";
				CLANG_CXX_LIBRARY = "libc++";
				CLANG_ENABLE_MODULES = YES;
				CLANG_ENABLE_OBJC_ARC = YES;
				CLANG_WARN_BOOL_CONVERSION = YES;
				CLANG_WARN_CONSTANT_CONVERSION = YES;
				CLANG_WARN_DIRECT_OBJC_ISA_USAGE = YES_ERROR;
				CLANG_WARN_EMPTY_BODY = YES;
				CLANG_WARN_ENUM_CONVERSION = YES;
				CLANG_WARN_INT_CONVERSION = YES;
				CLANG_WARN_OBJC_ROOT_CLASS = YES_ERROR;
				CLANG_WARN_UNREACHABLE_CODE = YES;
				CLANG_WARN__DUPLICATE_METHOD_MATCH = YES;
				"CODE_SIGN_IDENTITY[sdk=iphoneos*]" = "iPhone Developer";
				COPY_PHASE_STRIP = NO;
				DEBUG_INFORMATION_FORMAT = "dwarf-with-dsym";
				ENABLE_NS_ASSERTIONS = NO;
				ENABLE_STRICT_OBJC_MSGSEND = YES;
				GCC_C_LANGUAGE_STANDARD = gnu99;
				GCC_NO_COMMON_BLOCKS = YES;
				GCC_WARN_64_TO_32_BIT_CONVERSION = YES;
				GCC_WARN_ABOUT_RETURN_TYPE = YES_ERROR;
				GCC_WARN_UNDECLARED_SELECTOR = YES;
				GCC_WARN_UNINITIALIZED_AUTOS = YES_AGGRESSIVE;
				GCC_WARN_UNUSED_FUNCTION = YES;
				GCC_WARN_UNUSED_VARIABLE = YES;
				IPHONEOS_DEPLOYMENT_TARGET = 9.2;
				MTL_ENABLE_DEBUG_INFO = NO;
				SDKROOT = iphoneos;
				TARGETED_DEVICE_FAMILY = "1,2";
				VALIDATE_PRODUCT = YES;
			};
			name = Release;
		};
		6FEF5BE61C3EE19C002BF3C9 /* Debug */ = {
			isa = XCBuildConfiguration;
			buildSettings = {
				ASSETCATALOG_COMPILER_APPICON_NAME = AppIcon;
				INFOPLIST_FILE = "My Hood/Info.plist";
				LD_RUNPATH_SEARCH_PATHS = "$(inherited) @executable_path/Frameworks";
				PRODUCT_BUNDLE_IDENTIFIER = "com.dapper.My-Hood";
				PRODUCT_NAME = "$(TARGET_NAME)";
				TARGETED_DEVICE_FAMILY = 1;
			};
			name = Debug;
		};
		6FEF5BE71C3EE19C002BF3C9 /* Release */ = {
			isa = XCBuildConfiguration;
			buildSettings = {
				ASSETCATALOG_COMPILER_APPICON_NAME = AppIcon;
				INFOPLIST_FILE = "My Hood/Info.plist";
				LD_RUNPATH_SEARCH_PATHS = "$(inherited) @executable_path/Frameworks";
				PRODUCT_BUNDLE_IDENTIFIER = "com.dapper.My-Hood";
				PRODUCT_NAME = "$(TARGET_NAME)";
				TARGETED_DEVICE_FAMILY = 1;
			};
			name = Release;
		};
/* End XCBuildConfiguration section */

/* Begin XCConfigurationList section */
		6FEF5BCE1C3EE19C002BF3C9 /* Build configuration list for PBXProject "My Hood" */ = {
			isa = XCConfigurationList;
			buildConfigurations = (
				6FEF5BE31C3EE19C002BF3C9 /* Debug */,
				6FEF5BE41C3EE19C002BF3C9 /* Release */,
			);
			defaultConfigurationIsVisible = 0;
			defaultConfigurationName = Release;
		};
		6FEF5BE51C3EE19C002BF3C9 /* Build configuration list for PBXNativeTarget "My Hood" */ = {
			isa = XCConfigurationList;
			buildConfigurations = (
				6FEF5BE61C3EE19C002BF3C9 /* Debug */,
				6FEF5BE71C3EE19C002BF3C9 /* Release */,
			);
			defaultConfigurationIsVisible = 0;
		};
/* End XCConfigurationList section */
	};
	rootObject = 6FEF5BCB1C3EE19C002BF3C9 /* Project object */;
}
